// !$*UTF8*$!
{
	archiveVersion = 1;
	classes = {
	};
	objectVersion = 46;
	objects = {

/* Begin PBXBuildFile section */
		1912D5411E886F1200581AED /* AppDelegate.swift in Sources */ = {isa = PBXBuildFile; fileRef = 1912D5401E886F1200581AED /* AppDelegate.swift */; };
		1912D5431E886F1200581AED /* ViewController.swift in Sources */ = {isa = PBXBuildFile; fileRef = 1912D5421E886F1200581AED /* ViewController.swift */; };
		1912D5461E886F1200581AED /* Main.storyboard in Resources */ = {isa = PBXBuildFile; fileRef = 1912D5441E886F1200581AED /* Main.storyboard */; };
		1912D5481E886F1200581AED /* Assets.xcassets in Resources */ = {isa = PBXBuildFile; fileRef = 1912D5471E886F1200581AED /* Assets.xcassets */; };
		1912D54B1E886F1200581AED /* LaunchScreen.storyboard in Resources */ = {isa = PBXBuildFile; fileRef = 1912D5491E886F1200581AED /* LaunchScreen.storyboard */; };
/* End PBXBuildFile section */

/* Begin PBXFileReference section */
		1912D53D1E886F1200581AED /* Easy Browser.app */ = {isa = PBXFileReference; explicitFileType = wrapper.application; includeInIndex = 0; path = "Easy Browser.app"; sourceTree = BUILT_PRODUCTS_DIR; };
		1912D5401E886F1200581AED /* AppDelegate.swift */ = {isa = PBXFileReference; lastKnownFileType = sourcecode.swift; path = AppDelegate.swift; sourceTree = "<group>"; };
		1912D5421E886F1200581AED /* ViewController.swift */ = {isa = PBXFileReference; lastKnownFileType = sourcecode.swift; path = ViewController.swift; sourceTree = "<group>"; };
		1912D5451E886F1200581AED /* Base */ = {isa = PBXFileReference; lastKnownFileType = file.storyboard; name = Base; path = Base.lproj/Main.storyboard; sourceTree = "<group>"; };
		1912D5471E886F1200581AED /* Assets.xcassets */ = {isa = PBXFileReference; lastKnownFileType = folder.assetcatalog; path = Assets.xcassets; sourceTree = "<group>"; };
		1912D54A1E886F1200581AED /* Base */ = {isa = PBXFileReference; lastKnownFileType = file.storyboard; name = Base; path = Base.lproj/LaunchScreen.storyboard; sourceTree = "<group>"; };
		1912D54C1E886F1200581AED /* Info.plist */ = {isa = PBXFileReference; lastKnownFileType = text.plist.xml; path = Info.plist; sourceTree = "<group>"; };
/* End PBXFileReference section */

/* Begin PBXFrameworksBuildPhase section */
		1912D53A1E886F1200581AED /* Frameworks */ = {
			isa = PBXFrameworksBuildPhase;
			buildActionMask = 2147483647;
			files = (
			);
			runOnlyForDeploymentPostprocessing = 0;
		};
/* End PBXFrameworksBuildPhase section */

/* Begin PBXGroup section */
		1912D5341E886F1200581AED = {
			isa = PBXGroup;
			children = (
				1912D53F1E886F1200581AED /* Easy Browser */,
				1912D53E1E886F1200581AED /* Products */,
			);
			sourceTree = "<group>";
		};
		1912D53E1E886F1200581AED /* Products */ = {
			isa = PBXGroup;
			children = (
				1912D53D1E886F1200581AED /* Easy Browser.app */,
			);
			name = Products;
			sourceTree = "<group>";
		};
		1912D53F1E886F1200581AED /* Easy Browser */ = {
			isa = PBXGroup;
			children = (
				1912D5401E886F1200581AED /* AppDelegate.swift */,
				1912D5421E886F1200581AED /* ViewController.swift */,
				1912D5441E886F1200581AED /* Main.storyboard */,
				1912D5471E886F1200581AED /* Assets.xcassets */,
				1912D5491E886F1200581AED /* LaunchScreen.storyboard */,
				1912D54C1E886F1200581AED /* Info.plist */,
			);
			path = "Easy Browser";
			sourceTree = "<group>";
		};
/* End PBXGroup section */

/* Begin PBXNativeTarget section */
		1912D53C1E886F1200581AED /* Easy Browser */ = {
			isa = PBXNativeTarget;
			buildConfigurationList = 1912D54F1E886F1200581AED /* Build configuration list for PBXNativeTarget "Easy Browser" */;
			buildPhases = (
				1912D5391E886F1200581AED /* Sources */,
				1912D53A1E886F1200581AED /* Frameworks */,
				1912D53B1E886F1200581AED /* Resources */,
			);
			buildRules = (
			);
			dependencies = (
			);
			name = "Easy Browser";
			productName = "Easy Browser";
			productReference = 1912D53D1E886F1200581AED /* Easy Browser.app */;
			productType = "com.apple.product-type.application";
		};
/* End PBXNativeTarget section */

/* Begin PBXProject section */
		1912D5351E886F1200581AED /* Project object */ = {
			isa = PBXProject;
			attributes = {
				LastSwiftUpdateCheck = 0820;
				LastUpgradeCheck = 0820;
				ORGANIZATIONNAME = "Martin Nordström";
				TargetAttributes = {
					1912D53C1E886F1200581AED = {
						CreatedOnToolsVersion = 8.2.1;
						DevelopmentTeam = XVNZAPSZS5;
						ProvisioningStyle = Automatic;
					};
				};
			};
			buildConfigurationList = 1912D5381E886F1200581AED /* Build configuration list for PBXProject "Easy Browser" */;
			compatibilityVersion = "Xcode 3.2";
			developmentRegion = English;
			hasScannedForEncodings = 0;
			knownRegions = (
				en,
				Base,
			);
			mainGroup = 1912D5341E886F1200581AED;
			productRefGroup = 1912D53E1E886F1200581AED /* Products */;
			projectDirPath = "";
			projectRoot = "";
			targets = (
				1912D53C1E886F1200581AED /* Easy Browser */,
			);
		};
/* End PBXProject section */

/* Begin PBXResourcesBuildPhase section */
		1912D53B1E886F1200581AED /* Resources */ = {
			isa = PBXResourcesBuildPhase;
			buildActionMask = 2147483647;
			files = (
				1912D54B1E886F1200581AED /* LaunchScreen.storyboard in Resources */,
				1912D5481E886F1200581AED /* Assets.xcassets in Resources */,
				1912D5461E886F1200581AED /* Main.storyboard in Resources */,
			);
			runOnlyForDeploymentPostprocessing = 0;
		};
/* End PBXResourcesBuildPhase section */

/* Begin PBXSourcesBuildPhase section */
		1912D5391E886F1200581AED /* Sources */ = {
			isa = PBXSourcesBuildPhase;
			buildActionMask = 2147483647;
			files = (
				1912D5431E886F1200581AED /* ViewController.swift in Sources */,
				1912D5411E886F1200581AED /* AppDelegate.swift in Sources */,
			);
			runOnlyForDeploymentPostprocessing = 0;
		};
/* End PBXSourcesBuildPhase section */

/* Begin PBXVariantGroup section */
		1912D5441E886F1200581AED /* Main.storyboard */ = {
			isa = PBXVariantGroup;
			children = (
				1912D5451E886F1200581AED /* Base */,
			);
			name = Main.storyboard;
			sourceTree = "<group>";
		};
		1912D5491E886F1200581AED /* LaunchScreen.storyboard */ = {
			isa = PBXVariantGroup;
			children = (
				1912D54A1E886F1200581AED /* Base */,
			);
			name = LaunchScreen.storyboard;
			sourceTree = "<group>";
		};
/* End PBXVariantGroup section */

/* Begin XCBuildConfiguration section */
		1912D54D1E886F1200581AED /* Debug */ = {
			isa = XCBuildConfiguration;
			buildSettings = {
				ALWAYS_SEARCH_USER_PATHS = NO;
				CLANG_ANALYZER_NONNULL = YES;
				CLANG_CXX_LANGUAGE_STANDARD = "gnu++0x";
				CLANG_CXX_LIBRARY = "libc++";
				CLANG_ENABLE_MODULES = YES;
				CLANG_ENABLE_OBJC_ARC = YES;
				CLANG_WARN_BOOL_CONVERSION = YES;
				CLANG_WARN_CONSTANT_CONVERSION = YES;
				CLANG_WARN_DIRECT_OBJC_ISA_USAGE = YES_ERROR;
				CLANG_WARN_DOCUMENTATION_COMMENTS = YES;
				CLANG_WARN_EMPTY_BODY = YES;
				CLANG_WARN_ENUM_CONVERSION = YES;
				CLANG_WARN_INFINITE_RECURSION = YES;
				CLANG_WARN_INT_CONVERSION = YES;
				CLANG_WARN_OBJC_ROOT_CLASS = YES_ERROR;
				CLANG_WARN_SUSPICIOUS_MOVE = YES;
				CLANG_WARN_UNREACHABLE_CODE = YES;
				CLANG_WARN__DUPLICATE_METHOD_MATCH = YES;
				"CODE_SIGN_IDENTITY[sdk=iphoneos*]" = "iPhone Developer";
				COPY_PHASE_STRIP = NO;
				DEBUG_INFORMATION_FORMAT = dwarf;
				ENABLE_STRICT_OBJC_MSGSEND = YES;
				ENABLE_TESTABILITY = YES;
				GCC_C_LANGUAGE_STANDARD = gnu99;
				GCC_DYNAMIC_NO_PIC = NO;
				GCC_NO_COMMON_BLOCKS = YES;
				GCC_OPTIMIZATION_LEVEL = 0;
				GCC_PREPROCESSOR_DEFINITIONS = (
					"DEBUG=1",
					"$(inherited)",
				);
				GCC_WARN_64_TO_32_BIT_CONVERSION = YES;
				GCC_WARN_ABOUT_RETURN_TYPE = YES_ERROR;
				GCC_WARN_UNDECLARED_SELECTOR = YES;
				GCC_WARN_UNINITIALIZED_AUTOS = YES_AGGRESSIVE;
				GCC_WARN_UNUSED_FUNCTION = YES;
				GCC_WARN_UNUSED_VARIABLE = YES;
				IPHONEOS_DEPLOYMENT_TARGET = 10.2;
				MTL_ENABLE_DEBUG_INFO = YES;
				ONLY_ACTIVE_ARCH = YES;
				SDKROOT = iphoneos;
				SWIFT_ACTIVE_COMPILATION_CONDITIONS = DEBUG;
				SWIFT_OPTIMIZATION_LEVEL = "-Onone";
				TARGETED_DEVICE_FAMILY = "1,2";
			};
			name = Debug;
		};
		1912D54E1E886F1200581AED /* Release */ = {
			isa = XCBuildConfiguration;
			buildSettings = {
				ALWAYS_SEARCH_USER_PATHS = NO;
				CLANG_ANALYZER_NONNULL = YES;
				CLANG_CXX_LANGUAGE_STANDARD = "gnu++0x";
				CLANG_CXX_LIBRARY = "libc++";
				CLANG_ENABLE_MODULES = YES;
				CLANG_ENABLE_OBJC_ARC = YES;
				CLANG_WARN_BOOL_CONVERSION = YES;
				CLANG_WARN_CONSTANT_CONVERSION = YES;
				CLANG_WARN_DIRECT_OBJC_ISA_USAGE = YES_ERROR;
				CLANG_WARN_DOCUMENTATION_COMMENTS = YES;
				CLANG_WARN_EMPTY_BODY = YES;
				CLANG_WARN_ENUM_CONVERSION = YES;
				CLANG_WARN_INFINITE_RECURSION = YES;
				CLANG_WARN_INT_CONVERSION = YES;
				CLANG_WARN_OBJC_ROOT_CLASS = YES_ERROR;
				CLANG_WARN_SUSPICIOUS_MOVE = YES;
				CLANG_WARN_UNREACHABLE_CODE = YES;
				CLANG_WARN__DUPLICATE_METHOD_MATCH = YES;
				"CODE_SIGN_IDENTITY[sdk=iphoneos*]" = "iPhone Developer";
				COPY_PHASE_STRIP = NO;
				DEBUG_INFORMATION_FORMAT = "dwarf-with-dsym";
				ENABLE_NS_ASSERTIONS = NO;
				ENABLE_STRICT_OBJC_MSGSEND = YES;
				GCC_C_LANGUAGE_STANDARD = gnu99;
				GCC_NO_COMMON_BLOCKS = YES;
				GCC_WARN_64_TO_32_BIT_CONVERSION = YES;
				GCC_WARN_ABOUT_RETURN_TYPE = YES_ERROR;
				GCC_WARN_UNDECLARED_SELECTOR = YES;
				GCC_WARN_UNINITIALIZED_AUTOS = YES_AGGRESSIVE;
				GCC_WARN_UNUSED_FUNCTION = YES;
				GCC_WARN_UNUSED_VARIABLE = YES;
				IPHONEOS_DEPLOYMENT_TARGET = 10.2;
				MTL_ENABLE_DEBUG_INFO = NO;
				SDKROOT = iphoneos;
				SWIFT_OPTIMIZATION_LEVEL = "-Owholemodule";
				TARGETED_DEVICE_FAMILY = "1,2";
				VALIDATE_PRODUCT = YES;
			};
			name = Release;
		};
		1912D5501E886F1200581AED /* Debug */ = {
			isa = XCBuildConfiguration;
			buildSettings = {
				ASSETCATALOG_COMPILER_APPICON_NAME = AppIcon;
				DEVELOPMENT_TEAM = XVNZAPSZS5;
				INFOPLIST_FILE = "Easy Browser/Info.plist";
				LD_RUNPATH_SEARCH_PATHS = "$(inherited) @executable_path/Frameworks";
				PRODUCT_BUNDLE_IDENTIFIER = "com.MartinNord.Easy-Browser";
				PRODUCT_NAME = "$(TARGET_NAME)";
				SWIFT_VERSION = 3.0;
			};
			name = Debug;
		};
		1912D5511E886F1200581AED /* Release */ = {
			isa = XCBuildConfiguration;
			buildSettings = {
				ASSETCATALOG_COMPILER_APPICON_NAME = AppIcon;
				DEVELOPMENT_TEAM = XVNZAPSZS5;
				INFOPLIST_FILE = "Easy Browser/Info.plist";
				LD_RUNPATH_SEARCH_PATHS = "$(inherited) @executable_path/Frameworks";
				PRODUCT_BUNDLE_IDENTIFIER = "com.MartinNord.Easy-Browser";
				PRODUCT_NAME = "$(TARGET_NAME)";
				SWIFT_VERSION = 3.0;
			};
			name = Release;
		};
/* End XCBuildConfiguration section */

/* Begin XCConfigurationList section */
		1912D5381E886F1200581AED /* Build configuration list for PBXProject "Easy Browser" */ = {
			isa = XCConfigurationList;
			buildConfigurations = (
				1912D54D1E886F1200581AED /* Debug */,
				1912D54E1E886F1200581AED /* Release */,
			);
			defaultConfigurationIsVisible = 0;
			defaultConfigurationName = Release;
		};
		1912D54F1E886F1200581AED /* Build configuration list for PBXNativeTarget "Easy Browser" */ = {
			isa = XCConfigurationList;
			buildConfigurations = (
				1912D5501E886F1200581AED /* Debug */,
				1912D5511E886F1200581AED /* Release */,
			);
			defaultConfigurationIsVisible = 0;
		};
/* End XCConfigurationList section */
	};
	rootObject = 1912D5351E886F1200581AED /* Project object */;
}
